
Microsoft Visual Studio Solution File, Format Version 12.00
# Visual Studio 2013
VisualStudioVersion = 12.0.31101.0
MinimumVisualStudioVersion = 10.0.40219.1
Project("{FAE04EC0-301F-11D3-BF4B-00C04F79EFBC}") = "BennetYouthBasketball", "BennetYouthBasketball\BennetYouthBasketball.csproj", "{867613BF-172C-4795-A826-D195F1C7B66F}"
EndProject
Project("{FAE04EC0-301F-11D3-BF4B-00C04F79EFBC}") = "BennetYouthBasketball.Tests", "..\..\..\Users\Ken\Documents\Visual Studio 2013\Projects\BennetYouthBasketball\BennetYouthBasketball.Tests\BennetYouthBasketball.Tests.csproj", "{BDF323CB-3116-43A7-8D93-F6D54439C08C}"
EndProject
Project("{00D1A9C2-B5F0-4AF3-8072-F6C62B433612}") = "BennetYouthBasketballDb", "BennetYouthBasketballDb\BennetYouthBasketballDb.sqlproj", "{6ED56E3B-E126-46B8-9E2E-76996B9B8790}"
EndProject
Project("{2150E333-8FDC-42A3-9474-1A3956D46DE8}") = "1. Clients", "1. Clients", "{23D77E06-FD9E-4E48-8267-DCF02A9E8221}"
EndProject
Project("{2150E333-8FDC-42A3-9474-1A3956D46DE8}") = "2.Managers", "2.Managers", "{55947FF9-1135-4D86-9825-EA18B23C2C3F}"
EndProject
Project("{2150E333-8FDC-42A3-9474-1A3956D46DE8}") = "3.Engines", "3.Engines", "{547A8FB9-25E8-4A64-97E8-026040F4B07F}"
EndProject
Project("{2150E333-8FDC-42A3-9474-1A3956D46DE8}") = "4.ResourceAccess", "4.ResourceAccess", "{CCCBAD42-5A7B-4459-B83E-15EE2D754346}"
EndProject
Project("{2150E333-8FDC-42A3-9474-1A3956D46DE8}") = "5.Shared", "5.Shared", "{875437FC-9F93-493C-90E8-F7B445FB5653}"
EndProject
Project("{2150E333-8FDC-42A3-9474-1A3956D46DE8}") = "Configuration", "Configuration", "{88C87AE5-7081-4FC9-B866-CBDC47CB55D8}"
EndProject
Project("{2150E333-8FDC-42A3-9474-1A3956D46DE8}") = "Database", "Database", "{0412B5AE-356E-454E-AAA9-D1727205DE5B}"
EndProject
Project("{2150E333-8FDC-42A3-9474-1A3956D46DE8}") = "Tests", "Tests", "{5117E43F-B802-4C71-A2B5-C368F2DFA096}"
EndProject
Project("{FAE04EC0-301F-11D3-BF4B-00C04F79EFBC}") = "DataAccessors", "DataAccessors\DataAccessors.csproj", "{BFA4134B-69E6-4FA8-A8EA-D7ED8B5C8F7A}"
EndProject
Project("{FAE04EC0-301F-11D3-BF4B-00C04F79EFBC}") = "DataContracts", "DataContracts\DataContracts.csproj", "{AA332EB7-4540-46F3-BF5F-872A4390E6AF}"
EndProject
Project("{FAE04EC0-301F-11D3-BF4B-00C04F79EFBC}") = "Common", "Common\Common.csproj", "{C44307D5-01D0-4D83-BBD1-3A471087BBDA}"
EndProject
Project("{FAE04EC0-301F-11D3-BF4B-00C04F79EFBC}") = "Manager", "Manager\Manager.csproj", "{25995E2C-68E3-44A9-BD62-AFFE9E884B15}"
EndProject
Project("{FAE04EC0-301F-11D3-BF4B-00C04F79EFBC}") = "AccessorTests", "AccessorTests\AccessorTests.csproj", "{04E8116E-6A95-4DFC-BC8F-CE90ECBF03F1}"
EndProject
Global
	GlobalSection(SolutionConfigurationPlatforms) = preSolution
		Debug|Any CPU = Debug|Any CPU
		Release|Any CPU = Release|Any CPU
	EndGlobalSection
	GlobalSection(ProjectConfigurationPlatforms) = postSolution
		{867613BF-172C-4795-A826-D195F1C7B66F}.Debug|Any CPU.ActiveCfg = Debug|Any CPU
		{867613BF-172C-4795-A826-D195F1C7B66F}.Debug|Any CPU.Build.0 = Debug|Any CPU
		{867613BF-172C-4795-A826-D195F1C7B66F}.Release|Any CPU.ActiveCfg = Release|Any CPU
		{867613BF-172C-4795-A826-D195F1C7B66F}.Release|Any CPU.Build.0 = Release|Any CPU
		{BDF323CB-3116-43A7-8D93-F6D54439C08C}.Debug|Any CPU.ActiveCfg = Debug|Any CPU
		{BDF323CB-3116-43A7-8D93-F6D54439C08C}.Debug|Any CPU.Build.0 = Debug|Any CPU
		{BDF323CB-3116-43A7-8D93-F6D54439C08C}.Release|Any CPU.ActiveCfg = Release|Any CPU
		{BDF323CB-3116-43A7-8D93-F6D54439C08C}.Release|Any CPU.Build.0 = Release|Any CPU
		{6ED56E3B-E126-46B8-9E2E-76996B9B8790}.Debug|Any CPU.ActiveCfg = Debug|Any CPU
		{6ED56E3B-E126-46B8-9E2E-76996B9B8790}.Debug|Any CPU.Build.0 = Debug|Any CPU
		{6ED56E3B-E126-46B8-9E2E-76996B9B8790}.Debug|Any CPU.Deploy.0 = Debug|Any CPU
		{6ED56E3B-E126-46B8-9E2E-76996B9B8790}.Release|Any CPU.ActiveCfg = Release|Any CPU
		{6ED56E3B-E126-46B8-9E2E-76996B9B8790}.Release|Any CPU.Build.0 = Release|Any CPU
		{6ED56E3B-E126-46B8-9E2E-76996B9B8790}.Release|Any CPU.Deploy.0 = Release|Any CPU
		{BFA4134B-69E6-4FA8-A8EA-D7ED8B5C8F7A}.Debug|Any CPU.ActiveCfg = Debug|Any CPU
		{BFA4134B-69E6-4FA8-A8EA-D7ED8B5C8F7A}.Debug|Any CPU.Build.0 = Debug|Any CPU
		{BFA4134B-69E6-4FA8-A8EA-D7ED8B5C8F7A}.Release|Any CPU.ActiveCfg = Release|Any CPU
		{BFA4134B-69E6-4FA8-A8EA-D7ED8B5C8F7A}.Release|Any CPU.Build.0 = Release|Any CPU
		{AA332EB7-4540-46F3-BF5F-872A4390E6AF}.Debug|Any CPU.ActiveCfg = Debug|Any CPU
		{AA332EB7-4540-46F3-BF5F-872A4390E6AF}.Debug|Any CPU.Build.0 = Debug|Any CPU
		{AA332EB7-4540-46F3-BF5F-872A4390E6AF}.Release|Any CPU.ActiveCfg = Release|Any CPU
		{AA332EB7-4540-46F3-BF5F-872A4390E6AF}.Release|Any CPU.Build.0 = Release|Any CPU
		{C44307D5-01D0-4D83-BBD1-3A471087BBDA}.Debug|Any CPU.ActiveCfg = Debug|Any CPU
		{C44307D5-01D0-4D83-BBD1-3A471087BBDA}.Debug|Any CPU.Build.0 = Debug|Any CPU
		{C44307D5-01D0-4D83-BBD1-3A471087BBDA}.Release|Any CPU.ActiveCfg = Release|Any CPU
		{C44307D5-01D0-4D83-BBD1-3A471087BBDA}.Release|Any CPU.Build.0 = Release|Any CPU
		{25995E2C-68E3-44A9-BD62-AFFE9E884B15}.Debug|Any CPU.ActiveCfg = Debug|Any CPU
		{25995E2C-68E3-44A9-BD62-AFFE9E884B15}.Debug|Any CPU.Build.0 = Debug|Any CPU
		{25995E2C-68E3-44A9-BD62-AFFE9E884B15}.Release|Any CPU.ActiveCfg = Release|Any CPU
		{25995E2C-68E3-44A9-BD62-AFFE9E884B15}.Release|Any CPU.Build.0 = Release|Any CPU
		{04E8116E-6A95-4DFC-BC8F-CE90ECBF03F1}.Debug|Any CPU.ActiveCfg = Debug|Any CPU
		{04E8116E-6A95-4DFC-BC8F-CE90ECBF03F1}.Debug|Any CPU.Build.0 = Debug|Any CPU
		{04E8116E-6A95-4DFC-BC8F-CE90ECBF03F1}.Release|Any CPU.ActiveCfg = Release|Any CPU
		{04E8116E-6A95-4DFC-BC8F-CE90ECBF03F1}.Release|Any CPU.Build.0 = Release|Any CPU
	EndGlobalSection
	GlobalSection(SolutionProperties) = preSolution
		HideSolutionNode = FALSE
	EndGlobalSection
	GlobalSection(NestedProjects) = preSolution
		{867613BF-172C-4795-A826-D195F1C7B66F} = {23D77E06-FD9E-4E48-8267-DCF02A9E8221}
		{BDF323CB-3116-43A7-8D93-F6D54439C08C} = {5117E43F-B802-4C71-A2B5-C368F2DFA096}
		{6ED56E3B-E126-46B8-9E2E-76996B9B8790} = {0412B5AE-356E-454E-AAA9-D1727205DE5B}
		{BFA4134B-69E6-4FA8-A8EA-D7ED8B5C8F7A} = {CCCBAD42-5A7B-4459-B83E-15EE2D754346}
		{AA332EB7-4540-46F3-BF5F-872A4390E6AF} = {875437FC-9F93-493C-90E8-F7B445FB5653}
		{C44307D5-01D0-4D83-BBD1-3A471087BBDA} = {875437FC-9F93-493C-90E8-F7B445FB5653}
		{25995E2C-68E3-44A9-BD62-AFFE9E884B15} = {55947FF9-1135-4D86-9825-EA18B23C2C3F}
		{04E8116E-6A95-4DFC-BC8F-CE90ECBF03F1} = {5117E43F-B802-4C71-A2B5-C368F2DFA096}
	EndGlobalSection
EndGlobal
